
Microsoft Visual Studio Solution File, Format Version 12.00
# Visual Studio Version 17
VisualStudioVersion = 17.9.34723.18
MinimumVisualStudioVersion = 10.0.40219.1
Project("{FAE04EC0-301F-11D3-BF4B-00C04F79EFBC}") = "SecurePdfGeneration", "SecurePdfGeneration.csproj", "{7B3304A1-C5D5-4F2F-ACDC-F1763AA8F43C}"
EndProject
Global
	GlobalSection(SolutionConfigurationPlatforms) = preSolution
		Debug|Any CPU = Debug|Any CPU
		Release|Any CPU = Release|Any CPU
	EndGlobalSection
	GlobalSection(ProjectConfigurationPlatforms) = postSolution
		{7B3304A1-C5D5-4F2F-ACDC-F1763AA8F43C}.Debug|Any CPU.ActiveCfg = Debug|Any CPU
		{7B3304A1-C5D5-4F2F-ACDC-F1763AA8F43C}.Debug|Any CPU.Build.0 = Debug|Any CPU
		{7B3304A1-C5D5-4F2F-ACDC-F1763AA8F43C}.Release|Any CPU.ActiveCfg = Release|Any CPU
		{7B3304A1-C5D5-4F2F-ACDC-F1763AA8F43C}.Release|Any CPU.Build.0 = Release|Any CPU
	EndGlobalSection
	GlobalSection(SolutionProperties) = preSolution
		HideSolutionNode = FALSE
	EndGlobalSection
	GlobalSection(ExtensibilityGlobals) = postSolution
		SolutionGuid = {641AB913-1205-459E-B9BF-BA5AB0CDEABD}
	EndGlobalSection
EndGlobal
